{
	"name": "@meg5/types",
	"version": "0.0.1",
	"lockfileVersion": 1,
	"requires": true,
	"dependencies": {
		"typescript": {
			"version": "3.2.4",
			"resolved": "http://10.0.0.205:4873/typescript/-/typescript-3.2.4.tgz",
			"integrity": "sha512-0RNDbSdEokBeEAkgNbxJ+BLwSManFy9TeXz8uW+48j/xhEXv1ePME60olyzw2XzUqUBNAYFeJadIqAgNqIACwg==",
			"dev": true
		}
	}
}
